{
  "version": "5",
  "specifiers": {
    "npm:fdir@6.4.6": "6.4.6_picomatch@4.0.2",
    "npm:isexe@2.0.0": "2.0.0",
    "npm:picomatch@4.0.2": "4.0.2"
  },
  "npm": {
    "fdir@6.4.6_picomatch@4.0.2": {
      "integrity": "sha512-hiFoqpyZcfNm1yc4u8oWCf9A2c4D3QjCrks3zmoVKVxpQRzmPNar1hUJcBG2RQHvEVGDN+Jm81ZheVLAQMK6+w==",
      "dependencies": [
        "picomatch"
      ],
      "optionalPeers": [
        "picomatch"
      ]
    },
    "isexe@2.0.0": {
      "integrity": "sha512-RHxMLp9lnKHGHRng9QFhRCMbYAcVpn69smSGcq3f36xjgVVWThj4qqLbTLlq7Ssj8B+fIQ1EuCEGI2lKsyQeIw=="
    },
    "picomatch@4.0.2": {
      "integrity": "sha512-M7BAV6Rlcy5u+m6oPhAPFgJTzAioX/6B0DxyvDlo9l8+T3nLKbrczg2WLUyzd45L8RqfUMyGPzekbMvX2Ldkwg=="
    }
  },
  "workspace": {
    "packageJson": {
      "dependencies": [
        "npm:fdir@6.4.6",
        "npm:isexe@2.0.0",
        "npm:picomatch@4.0.2"
      ]
    }
  }
}
